{
  "name": "refactored-train",
  "lockfileVersion": 2,
  "requires": true,
  "packages": {
    "": {
      "dependencies": {
        "startbootstrap-bare": "^5.0.9",
        "startbootstrap-blog-home": "^5.0.9",
        "startbootstrap-blog-post": "^5.0.9",
        "startbootstrap-business-frontpage": "^5.0.9",
        "startbootstrap-full-width-pics": "^5.0.6",
        "startbootstrap-heroic-features": "^5.0.6",
        "startbootstrap-sb-admin": "^7.0.7",
        "startbootstrap-scrolling-nav": "^5.0.6",
        "startbootstrap-shop-homepage": "^5.0.6",
        "startbootstrap-shop-item": "^5.0.6",
        "startbootstrap-simple-sidebar": "^6.0.6",
        "startbootstrap-small-business": "^5.0.6",
        "startbootstrap-the-big-picture": "^5.0.6"
      }
    },
    "node_modules/@popperjs/core": {
      "version": "2.11.7",
      "resolved": "https://registry.npmjs.org/@popperjs/core/-/core-2.11.7.tgz",
      "integrity": "sha512-Cr4OjIkipTtcXKjAsm8agyleBuDHvxzeBoa1v543lbv1YaIwQjESsVcmjiWiPEbC1FIeHOG/Op9kdCmAmiS3Kw==",
      "peer": true,
      "funding": {
        "type": "opencollective",
        "url": "https://opencollective.com/popperjs"
      }
    },
    "node_modules/bootstrap": {
      "version": "5.2.3",
      "resolved": "https://registry.npmjs.org/bootstrap/-/bootstrap-5.2.3.tgz",
      "integrity": "sha512-cEKPM+fwb3cT8NzQZYEu4HilJ3anCrWqh3CHAok1p9jXqMPsPTBhU25fBckEJHJ/p+tTxTFTsFQGM+gaHpi3QQ==",
      "funding": [
        {
          "type": "github",
          "url": "https://github.com/sponsors/twbs"
        },
        {
          "type": "opencollective",
          "url": "https://opencollective.com/bootstrap"
        }
      ],
      "peerDependencies": {
        "@popperjs/core": "^2.11.6"
      }
    },
    "node_modules/startbootstrap-bare": {
      "version": "5.0.9",
      "resolved": "https://registry.npmjs.org/startbootstrap-bare/-/startbootstrap-bare-5.0.9.tgz",
      "integrity": "sha512-ZxzRl/s5YHq5kykvTqPHMIP1SokZcW86dOrhEg619+n5aY6PRdV4BMieR3JGSqaIHG+zR9CnH/EPQQkNRko76A==",
      "dependencies": {
        "bootstrap": "5.2.3"
      }
    },
    "node_modules/startbootstrap-blog-home": {
      "version": "5.0.9",
      "resolved": "https://registry.npmjs.org/startbootstrap-blog-home/-/startbootstrap-blog-home-5.0.9.tgz",
      "integrity": "sha512-3p2hA8YXQZ4igR4X9Iys/InqXRCQE7U1KtKJjuE5SLM3ZvKqZ1H74SwckBFTk3DpfbR5ZttusW3nXpERwGTFMQ==",
      "dependencies": {
        "bootstrap": "5.2.3"
      }
    },
    "node_modules/startbootstrap-blog-post": {
      "version": "5.0.9",
      "resolved": "https://registry.npmjs.org/startbootstrap-blog-post/-/startbootstrap-blog-post-5.0.9.tgz",
      "integrity": "sha512-eQ9umrPkmBsitHnhLqH4i3iI/Lp3ZUHOaGGz2iSTLQeakHQ0DLJGvhjWi6jsnb9meE+VhW6F8XOIk4yuH7pezg==",
      "dependencies": {
        "bootstrap": "5.2.3"
      }
    },
    "node_modules/startbootstrap-business-frontpage": {
      "version": "5.0.9",
      "resolved": "https://registry.npmjs.org/startbootstrap-business-frontpage/-/startbootstrap-business-frontpage-5.0.9.tgz",
      "integrity": "sha512-+q5Rh+Rj/RWuuN0WhUJTkthhRwIAqsNRFG1PZ7HX3sjxgrP4l/gdzqpT2HjBs8D2jlpmcVvNldME/y/ICBxZIw==",
      "dependencies": {
        "bootstrap": "5.2.3"
      }
    },
    "node_modules/startbootstrap-full-width-pics": {
      "version": "5.0.6",
      "resolved": "https://registry.npmjs.org/startbootstrap-full-width-pics/-/startbootstrap-full-width-pics-5.0.6.tgz",
      "integrity": "sha512-elMMyzVPQ9RhaTnrXRGqWYCdj3CIfX2lSEIed7UEQOJuvre/0Ac0SAwB+0KME9bIPF7pviAS/D90rjMSXzsr5w==",
      "dependencies": {
        "bootstrap": "5.2.3"
      }
    },
    "node_modules/startbootstrap-heroic-features": {
      "version": "5.0.6",
      "resolved": "https://registry.npmjs.org/startbootstrap-heroic-features/-/startbootstrap-heroic-features-5.0.6.tgz",
      "integrity": "sha512-kdfxTa39LkPATbYkFZ3DKYkSolcmgYRwk8tt8OkYoOWzZ0i3UTQrNTz/C6bsEWRM5U/lMgHCJEDgNdiPcnzuLA==",
      "dependencies": {
        "bootstrap": "5.2.3"
      }
    },
    "node_modules/startbootstrap-sb-admin": {
      "version": "7.0.7",
      "resolved": "https://registry.npmjs.org/startbootstrap-sb-admin/-/startbootstrap-sb-admin-7.0.7.tgz",
      "integrity": "sha512-8GcoX/qZLUVOSX+7qWHgnruioIHew6jwcDY6NMjG8sfwHhkBnpPAcUhtqP0ikJE4T0/lMyxvr8zHcmZkN6y/kQ==",
      "dependencies": {
        "bootstrap": "5.2.3"
      }
    },
    "node_modules/startbootstrap-scrolling-nav": {
      "version": "5.0.6",
      "resolved": "https://registry.npmjs.org/startbootstrap-scrolling-nav/-/startbootstrap-scrolling-nav-5.0.6.tgz",
      "integrity": "sha512-wlXsaxCl9nah+lK9V/44VfCZYpyKjqHUicvNqvHzFca/BCRawYMt10wYl237/+ocyNPfE/3ppYOdxNKpOITT+g==",
      "dependencies": {
        "bootstrap": "5.2.3"
      }
    },
    "node_modules/startbootstrap-shop-homepage": {
      "version": "5.0.6",
      "resolved": "https://registry.npmjs.org/startbootstrap-shop-homepage/-/startbootstrap-shop-homepage-5.0.6.tgz",
      "integrity": "sha512-B8TNIkJrc0iYCjrfgAolSopz1nek66gmhxkwCKP5zBX0axuF/OGae5z53bupgrlAOw1F4Cs6mkLVcw7K9G1exA==",
      "dependencies": {
        "bootstrap": "5.2.3"
      }
    },
    "node_modules/startbootstrap-shop-item": {
      "version": "5.0.6",
      "resolved": "https://registry.npmjs.org/startbootstrap-shop-item/-/startbootstrap-shop-item-5.0.6.tgz",
      "integrity": "sha512-2u6+IC1znfs6G7rmigBLu8h0NUrtV7jlNDrAXj+k9ftMcMwSNkkU1HR8RFnDn0i+x+qZBrSbg6pA4YItikDWHg==",
      "dependencies": {
        "bootstrap": "5.2.3"
      }
    },
    "node_modules/startbootstrap-simple-sidebar": {
      "version": "6.0.6",
      "resolved": "https://registry.npmjs.org/startbootstrap-simple-sidebar/-/startbootstrap-simple-sidebar-6.0.6.tgz",
      "integrity": "sha512-0eZSmquf16vuf9UEcvWqrXEBmLuCefGlLCnduluPWJxNpCbTyDZsxxV9tJ6mUwLT9s68/75cUiDi5p1QXolUfg==",
      "dependencies": {
        "bootstrap": "5.2.3"
      }
    },
    "node_modules/startbootstrap-small-business": {
      "version": "5.0.6",
      "resolved": "https://registry.npmjs.org/startbootstrap-small-business/-/startbootstrap-small-business-5.0.6.tgz",
      "integrity": "sha512-aDhr66TCI1mn3T0N8lOjK0KElkuxntzptLMmK50DHDtuXxi+CZdGnXC1+DCsfafwGAnyPTNO4l3SmqSKXfTywg==",
      "dependencies": {
        "bootstrap": "5.2.3"
      }
    },
    "node_modules/startbootstrap-the-big-picture": {
      "version": "5.0.6",
      "resolved": "https://registry.npmjs.org/startbootstrap-the-big-picture/-/startbootstrap-the-big-picture-5.0.6.tgz",
      "integrity": "sha512-1EfrnTKsst2JUb1A+ZFjEyLChybmyJsiME18vPLo+ZeYUd/MneoJcCIyWZSEnwaBBbu3njnRxDoGvf/zS9zjCw==",
      "dependencies": {
        "bootstrap": "5.2.3"
      }
    }
  },
  "dependencies": {
    "@popperjs/core": {
      "version": "2.11.7",
      "resolved": "https://registry.npmjs.org/@popperjs/core/-/core-2.11.7.tgz",
      "integrity": "sha512-Cr4OjIkipTtcXKjAsm8agyleBuDHvxzeBoa1v543lbv1YaIwQjESsVcmjiWiPEbC1FIeHOG/Op9kdCmAmiS3Kw==",
      "peer": true
    },
    "bootstrap": {
      "version": "5.2.3",
      "resolved": "https://registry.npmjs.org/bootstrap/-/bootstrap-5.2.3.tgz",
      "integrity": "sha512-cEKPM+fwb3cT8NzQZYEu4HilJ3anCrWqh3CHAok1p9jXqMPsPTBhU25fBckEJHJ/p+tTxTFTsFQGM+gaHpi3QQ==",
      "requires": {}
    },
    "startbootstrap-bare": {
      "version": "5.0.9",
      "resolved": "https://registry.npmjs.org/startbootstrap-bare/-/startbootstrap-bare-5.0.9.tgz",
      "integrity": "sha512-ZxzRl/s5YHq5kykvTqPHMIP1SokZcW86dOrhEg619+n5aY6PRdV4BMieR3JGSqaIHG+zR9CnH/EPQQkNRko76A==",
      "requires": {
        "bootstrap": "5.2.3"
      }
    },
    "startbootstrap-blog-home": {
      "version": "5.0.9",
      "resolved": "https://registry.npmjs.org/startbootstrap-blog-home/-/startbootstrap-blog-home-5.0.9.tgz",
      "integrity": "sha512-3p2hA8YXQZ4igR4X9Iys/InqXRCQE7U1KtKJjuE5SLM3ZvKqZ1H74SwckBFTk3DpfbR5ZttusW3nXpERwGTFMQ==",
      "requires": {
        "bootstrap": "5.2.3"
      }
    },
    "startbootstrap-blog-post": {
      "version": "5.0.9",
      "resolved": "https://registry.npmjs.org/startbootstrap-blog-post/-/startbootstrap-blog-post-5.0.9.tgz",
      "integrity": "sha512-eQ9umrPkmBsitHnhLqH4i3iI/Lp3ZUHOaGGz2iSTLQeakHQ0DLJGvhjWi6jsnb9meE+VhW6F8XOIk4yuH7pezg==",
      "requires": {
        "bootstrap": "5.2.3"
      }
    },
    "startbootstrap-business-frontpage": {
      "version": "5.0.9",
      "resolved": "https://registry.npmjs.org/startbootstrap-business-frontpage/-/startbootstrap-business-frontpage-5.0.9.tgz",
      "integrity": "sha512-+q5Rh+Rj/RWuuN0WhUJTkthhRwIAqsNRFG1PZ7HX3sjxgrP4l/gdzqpT2HjBs8D2jlpmcVvNldME/y/ICBxZIw==",
      "requires": {
        "bootstrap": "5.2.3"
      }
    },
    "startbootstrap-full-width-pics": {
      "version": "5.0.6",
      "resolved": "https://registry.npmjs.org/startbootstrap-full-width-pics/-/startbootstrap-full-width-pics-5.0.6.tgz",
      "integrity": "sha512-elMMyzVPQ9RhaTnrXRGqWYCdj3CIfX2lSEIed7UEQOJuvre/0Ac0SAwB+0KME9bIPF7pviAS/D90rjMSXzsr5w==",
      "requires": {
        "bootstrap": "5.2.3"
      }
    },
    "startbootstrap-heroic-features": {
      "version": "5.0.6",
      "resolved": "https://registry.npmjs.org/startbootstrap-heroic-features/-/startbootstrap-heroic-features-5.0.6.tgz",
      "integrity": "sha512-kdfxTa39LkPATbYkFZ3DKYkSolcmgYRwk8tt8OkYoOWzZ0i3UTQrNTz/C6bsEWRM5U/lMgHCJEDgNdiPcnzuLA==",
      "requires": {
        "bootstrap": "5.2.3"
      }
    },
    "startbootstrap-sb-admin": {
      "version": "7.0.7",
      "resolved": "https://registry.npmjs.org/startbootstrap-sb-admin/-/startbootstrap-sb-admin-7.0.7.tgz",
      "integrity": "sha512-8GcoX/qZLUVOSX+7qWHgnruioIHew6jwcDY6NMjG8sfwHhkBnpPAcUhtqP0ikJE4T0/lMyxvr8zHcmZkN6y/kQ==",
      "requires": {
        "bootstrap": "5.2.3"
      }
    },
    "startbootstrap-scrolling-nav": {
      "version": "5.0.6",
      "resolved": "https://registry.npmjs.org/startbootstrap-scrolling-nav/-/startbootstrap-scrolling-nav-5.0.6.tgz",
      "integrity": "sha512-wlXsaxCl9nah+lK9V/44VfCZYpyKjqHUicvNqvHzFca/BCRawYMt10wYl237/+ocyNPfE/3ppYOdxNKpOITT+g==",
      "requires": {
        "bootstrap": "5.2.3"
      }
    },
    "startbootstrap-shop-homepage": {
      "version": "5.0.6",
      "resolved": "https://registry.npmjs.org/startbootstrap-shop-homepage/-/startbootstrap-shop-homepage-5.0.6.tgz",
      "integrity": "sha512-B8TNIkJrc0iYCjrfgAolSopz1nek66gmhxkwCKP5zBX0axuF/OGae5z53bupgrlAOw1F4Cs6mkLVcw7K9G1exA==",
      "requires": {
        "bootstrap": "5.2.3"
      }
    },
    "startbootstrap-shop-item": {
      "version": "5.0.6",
      "resolved": "https://registry.npmjs.org/startbootstrap-shop-item/-/startbootstrap-shop-item-5.0.6.tgz",
      "integrity": "sha512-2u6+IC1znfs6G7rmigBLu8h0NUrtV7jlNDrAXj+k9ftMcMwSNkkU1HR8RFnDn0i+x+qZBrSbg6pA4YItikDWHg==",
      "requires": {
        "bootstrap": "5.2.3"
      }
    },
    "startbootstrap-simple-sidebar": {
      "version": "6.0.6",
      "resolved": "https://registry.npmjs.org/startbootstrap-simple-sidebar/-/startbootstrap-simple-sidebar-6.0.6.tgz",
      "integrity": "sha512-0eZSmquf16vuf9UEcvWqrXEBmLuCefGlLCnduluPWJxNpCbTyDZsxxV9tJ6mUwLT9s68/75cUiDi5p1QXolUfg==",
      "requires": {
        "bootstrap": "5.2.3"
      }
    },
    "startbootstrap-small-business": {
      "version": "5.0.6",
      "resolved": "https://registry.npmjs.org/startbootstrap-small-business/-/startbootstrap-small-business-5.0.6.tgz",
      "integrity": "sha512-aDhr66TCI1mn3T0N8lOjK0KElkuxntzptLMmK50DHDtuXxi+CZdGnXC1+DCsfafwGAnyPTNO4l3SmqSKXfTywg==",
      "requires": {
        "bootstrap": "5.2.3"
      }
    },
    "startbootstrap-the-big-picture": {
      "version": "5.0.6",
      "resolved": "https://registry.npmjs.org/startbootstrap-the-big-picture/-/startbootstrap-the-big-picture-5.0.6.tgz",
      "integrity": "sha512-1EfrnTKsst2JUb1A+ZFjEyLChybmyJsiME18vPLo+ZeYUd/MneoJcCIyWZSEnwaBBbu3njnRxDoGvf/zS9zjCw==",
      "requires": {
        "bootstrap": "5.2.3"
      }
    }
  }
}
